
Microsoft Visual Studio Solution File, Format Version 12.00
# Visual Studio 15
VisualStudioVersion = 15.0.27004.2002
MinimumVisualStudioVersion = 10.0.40219.1
Project("{9A19103F-16F7-4668-BE54-9A1E7A4F7556}") = "CWCommandLine", "CWCommandLine\CWCommandLine.csproj", "{D3085DCF-4C85-4871-956F-D88B8B6B964C}"
EndProject
Project("{9A19103F-16F7-4668-BE54-9A1E7A4F7556}") = "CWTechnicalAssignment", "CWTechnicalAssignment\CWTechnicalAssignment.csproj", "{9A6CC5D3-4DB2-4829-9FB9-C62AD6BE87E5}"
EndProject
Project("{9A19103F-16F7-4668-BE54-9A1E7A4F7556}") = "CWTechnicalAssignmentTest", "CWTechnicalAssignmentTest\CWTechnicalAssignmentTest.csproj", "{0EC7AE71-AF9A-40B9-87BC-AD6D283F39D0}"
EndProject
Global
	GlobalSection(SolutionConfigurationPlatforms) = preSolution
		Debug|Any CPU = Debug|Any CPU
		Release|Any CPU = Release|Any CPU
	EndGlobalSection
	GlobalSection(ProjectConfigurationPlatforms) = postSolution
		{D3085DCF-4C85-4871-956F-D88B8B6B964C}.Debug|Any CPU.ActiveCfg = Debug|Any CPU
		{D3085DCF-4C85-4871-956F-D88B8B6B964C}.Debug|Any CPU.Build.0 = Debug|Any CPU
		{D3085DCF-4C85-4871-956F-D88B8B6B964C}.Release|Any CPU.ActiveCfg = Release|Any CPU
		{D3085DCF-4C85-4871-956F-D88B8B6B964C}.Release|Any CPU.Build.0 = Release|Any CPU
		{9A6CC5D3-4DB2-4829-9FB9-C62AD6BE87E5}.Debug|Any CPU.ActiveCfg = Debug|Any CPU
		{9A6CC5D3-4DB2-4829-9FB9-C62AD6BE87E5}.Debug|Any CPU.Build.0 = Debug|Any CPU
		{9A6CC5D3-4DB2-4829-9FB9-C62AD6BE87E5}.Release|Any CPU.ActiveCfg = Release|Any CPU
		{9A6CC5D3-4DB2-4829-9FB9-C62AD6BE87E5}.Release|Any CPU.Build.0 = Release|Any CPU
		{0EC7AE71-AF9A-40B9-87BC-AD6D283F39D0}.Debug|Any CPU.ActiveCfg = Debug|Any CPU
		{0EC7AE71-AF9A-40B9-87BC-AD6D283F39D0}.Debug|Any CPU.Build.0 = Debug|Any CPU
		{0EC7AE71-AF9A-40B9-87BC-AD6D283F39D0}.Release|Any CPU.ActiveCfg = Release|Any CPU
		{0EC7AE71-AF9A-40B9-87BC-AD6D283F39D0}.Release|Any CPU.Build.0 = Release|Any CPU
	EndGlobalSection
	GlobalSection(SolutionProperties) = preSolution
		HideSolutionNode = FALSE
	EndGlobalSection
	GlobalSection(ExtensibilityGlobals) = postSolution
		SolutionGuid = {B5917F3C-E146-4E89-A1CB-C2358ABB3D56}
	EndGlobalSection
EndGlobal
